
Microsoft Visual Studio Solution File, Format Version 12.00
# Visual Studio Version 17
VisualStudioVersion = 17.13.35806.99
MinimumVisualStudioVersion = 10.0.40219.1
Project("{FAE04EC0-301F-11D3-BF4B-00C04F79EFBC}") = "air_ambulance_web_scraper", "air_ambulance_web_scraper.csproj", "{EDF60513-CE6A-4DEA-A3FA-A6133334E6F3}"
EndProject
Global
	GlobalSection(SolutionConfigurationPlatforms) = preSolution
		Debug|Any CPU = Debug|Any CPU
		Release|Any CPU = Release|Any CPU
	EndGlobalSection
	GlobalSection(ProjectConfigurationPlatforms) = postSolution
		{EDF60513-CE6A-4DEA-A3FA-A6133334E6F3}.Debug|Any CPU.ActiveCfg = Debug|Any CPU
		{EDF60513-CE6A-4DEA-A3FA-A6133334E6F3}.Debug|Any CPU.Build.0 = Debug|Any CPU
		{EDF60513-CE6A-4DEA-A3FA-A6133334E6F3}.Release|Any CPU.ActiveCfg = Release|Any CPU
		{EDF60513-CE6A-4DEA-A3FA-A6133334E6F3}.Release|Any CPU.Build.0 = Release|Any CPU
	EndGlobalSection
	GlobalSection(SolutionProperties) = preSolution
		HideSolutionNode = FALSE
	EndGlobalSection
	GlobalSection(ExtensibilityGlobals) = postSolution
		SolutionGuid = {24861664-DEC2-40FC-B307-B12F1FF725A5}
	EndGlobalSection
EndGlobal
